{
  "name": "typescript-scanner-test-fixture",
  "lockfileVersion": 3,
  "requires": true,
  "packages": {
    "": {
      "name": "typescript-scanner-test-fixture",
      "dependencies": {
        "@types/json-schema": "^7.0.15",
        "csstype": "^3.2.3",
        "json-schema": "^0.4.0"
      }
    },
    "node_modules/@types/json-schema": {
      "version": "7.0.15",
      "license": "MIT"
    },
    "node_modules/csstype": {
      "version": "3.2.3",
      "license": "MIT"
    },
    "node_modules/json-schema": {
      "version": "0.4.0",
      "license": "(AFL-2.1 OR BSD-3-Clause)"
    }
  }
}
